
Microsoft Visual Studio Solution File, Format Version 12.00
# Visual Studio 15
Project("{FAE04EC0-301F-11D3-BF4B-00C04F79EFBC}") = "DynamicLayoutSample.Android", "DynamicLayoutSample.Android\DynamicLayoutSample.Android.csproj", "{2740F21E-8B3A-41C8-8FEE-ADAB5B356993}"
EndProject
Project("{FAE04EC0-301F-11D3-BF4B-00C04F79EFBC}") = "DynamicLayoutSample.iOS", "DynamicLayoutSample.iOS\DynamicLayoutSample.iOS.csproj", "{694922DE-4159-47AC-99D9-04071728A97F}"
EndProject
Project("{FAE04EC0-301F-11D3-BF4B-00C04F79EFBC}") = "DynamicLayoutSample", "DynamicLayoutSample\DynamicLayoutSample.csproj", "{2B255BDB-D78C-48E6-86CC-5915C2CF5658}"
EndProject
Project("{FAE04EC0-301F-11D3-BF4B-00C04F79EFBC}") = "Xamarin.Forms.DynamicLayout", "..\Xamarin.Forms.DynamicLayout\Xamarin.Forms.DynamicLayout.csproj", "{D07C403C-A36A-4C07-99D0-9EB116AAC9A8}"
EndProject
Global
	GlobalSection(SolutionConfigurationPlatforms) = preSolution
		Debug|Any CPU = Debug|Any CPU
		Release|Any CPU = Release|Any CPU
		Debug|iPhoneSimulator = Debug|iPhoneSimulator
		Release|iPhoneSimulator = Release|iPhoneSimulator
		Debug|iPhone = Debug|iPhone
		Release|iPhone = Release|iPhone
		Ad-Hoc|iPhone = Ad-Hoc|iPhone
		AppStore|iPhone = AppStore|iPhone
	EndGlobalSection
	GlobalSection(ProjectConfigurationPlatforms) = postSolution
		{2740F21E-8B3A-41C8-8FEE-ADAB5B356993}.Debug|Any CPU.ActiveCfg = Debug|Any CPU
		{2740F21E-8B3A-41C8-8FEE-ADAB5B356993}.Debug|Any CPU.Build.0 = Debug|Any CPU
		{2740F21E-8B3A-41C8-8FEE-ADAB5B356993}.Release|Any CPU.ActiveCfg = Release|Any CPU
		{2740F21E-8B3A-41C8-8FEE-ADAB5B356993}.Release|Any CPU.Build.0 = Release|Any CPU
		{2740F21E-8B3A-41C8-8FEE-ADAB5B356993}.Debug|iPhoneSimulator.ActiveCfg = Debug|Any CPU
		{2740F21E-8B3A-41C8-8FEE-ADAB5B356993}.Debug|iPhoneSimulator.Build.0 = Debug|Any CPU
		{2740F21E-8B3A-41C8-8FEE-ADAB5B356993}.Release|iPhoneSimulator.ActiveCfg = Release|Any CPU
		{2740F21E-8B3A-41C8-8FEE-ADAB5B356993}.Release|iPhoneSimulator.Build.0 = Release|Any CPU
		{2740F21E-8B3A-41C8-8FEE-ADAB5B356993}.Debug|iPhone.ActiveCfg = Debug|Any CPU
		{2740F21E-8B3A-41C8-8FEE-ADAB5B356993}.Debug|iPhone.Build.0 = Debug|Any CPU
		{2740F21E-8B3A-41C8-8FEE-ADAB5B356993}.Release|iPhone.ActiveCfg = Release|Any CPU
		{2740F21E-8B3A-41C8-8FEE-ADAB5B356993}.Release|iPhone.Build.0 = Release|Any CPU
		{2740F21E-8B3A-41C8-8FEE-ADAB5B356993}.Ad-Hoc|iPhone.ActiveCfg = Debug|Any CPU
		{2740F21E-8B3A-41C8-8FEE-ADAB5B356993}.Ad-Hoc|iPhone.Build.0 = Debug|Any CPU
		{2740F21E-8B3A-41C8-8FEE-ADAB5B356993}.AppStore|iPhone.ActiveCfg = Debug|Any CPU
		{2740F21E-8B3A-41C8-8FEE-ADAB5B356993}.AppStore|iPhone.Build.0 = Debug|Any CPU
		{694922DE-4159-47AC-99D9-04071728A97F}.Debug|Any CPU.ActiveCfg = Debug|iPhoneSimulator
		{694922DE-4159-47AC-99D9-04071728A97F}.Debug|Any CPU.Build.0 = Debug|iPhoneSimulator
		{694922DE-4159-47AC-99D9-04071728A97F}.Release|Any CPU.ActiveCfg = Release|iPhoneSimulator
		{694922DE-4159-47AC-99D9-04071728A97F}.Release|Any CPU.Build.0 = Release|iPhoneSimulator
		{694922DE-4159-47AC-99D9-04071728A97F}.Debug|iPhoneSimulator.ActiveCfg = Debug|iPhoneSimulator
		{694922DE-4159-47AC-99D9-04071728A97F}.Debug|iPhoneSimulator.Build.0 = Debug|iPhoneSimulator
		{694922DE-4159-47AC-99D9-04071728A97F}.Release|iPhoneSimulator.ActiveCfg = Release|iPhoneSimulator
		{694922DE-4159-47AC-99D9-04071728A97F}.Release|iPhoneSimulator.Build.0 = Release|iPhoneSimulator
		{694922DE-4159-47AC-99D9-04071728A97F}.Debug|iPhone.ActiveCfg = Debug|iPhone
		{694922DE-4159-47AC-99D9-04071728A97F}.Debug|iPhone.Build.0 = Debug|iPhone
		{694922DE-4159-47AC-99D9-04071728A97F}.Release|iPhone.ActiveCfg = Release|iPhone
		{694922DE-4159-47AC-99D9-04071728A97F}.Release|iPhone.Build.0 = Release|iPhone
		{694922DE-4159-47AC-99D9-04071728A97F}.Ad-Hoc|iPhone.ActiveCfg = Ad-Hoc|iPhone
		{694922DE-4159-47AC-99D9-04071728A97F}.Ad-Hoc|iPhone.Build.0 = Ad-Hoc|iPhone
		{694922DE-4159-47AC-99D9-04071728A97F}.AppStore|iPhone.ActiveCfg = AppStore|iPhone
		{694922DE-4159-47AC-99D9-04071728A97F}.AppStore|iPhone.Build.0 = AppStore|iPhone
		{2B255BDB-D78C-48E6-86CC-5915C2CF5658}.Debug|Any CPU.ActiveCfg = Debug|Any CPU
		{2B255BDB-D78C-48E6-86CC-5915C2CF5658}.Debug|Any CPU.Build.0 = Debug|Any CPU
		{2B255BDB-D78C-48E6-86CC-5915C2CF5658}.Release|Any CPU.ActiveCfg = Release|Any CPU
		{2B255BDB-D78C-48E6-86CC-5915C2CF5658}.Release|Any CPU.Build.0 = Release|Any CPU
		{2B255BDB-D78C-48E6-86CC-5915C2CF5658}.Debug|iPhoneSimulator.ActiveCfg = Debug|Any CPU
		{2B255BDB-D78C-48E6-86CC-5915C2CF5658}.Debug|iPhoneSimulator.Build.0 = Debug|Any CPU
		{2B255BDB-D78C-48E6-86CC-5915C2CF5658}.Release|iPhoneSimulator.ActiveCfg = Release|Any CPU
		{2B255BDB-D78C-48E6-86CC-5915C2CF5658}.Release|iPhoneSimulator.Build.0 = Release|Any CPU
		{2B255BDB-D78C-48E6-86CC-5915C2CF5658}.Debug|iPhone.ActiveCfg = Debug|Any CPU
		{2B255BDB-D78C-48E6-86CC-5915C2CF5658}.Debug|iPhone.Build.0 = Debug|Any CPU
		{2B255BDB-D78C-48E6-86CC-5915C2CF5658}.Release|iPhone.ActiveCfg = Release|Any CPU
		{2B255BDB-D78C-48E6-86CC-5915C2CF5658}.Release|iPhone.Build.0 = Release|Any CPU
		{2B255BDB-D78C-48E6-86CC-5915C2CF5658}.Ad-Hoc|iPhone.ActiveCfg = Debug|Any CPU
		{2B255BDB-D78C-48E6-86CC-5915C2CF5658}.Ad-Hoc|iPhone.Build.0 = Debug|Any CPU
		{2B255BDB-D78C-48E6-86CC-5915C2CF5658}.AppStore|iPhone.ActiveCfg = Debug|Any CPU
		{2B255BDB-D78C-48E6-86CC-5915C2CF5658}.AppStore|iPhone.Build.0 = Debug|Any CPU
		{D07C403C-A36A-4C07-99D0-9EB116AAC9A8}.Debug|Any CPU.ActiveCfg = Debug|Any CPU
		{D07C403C-A36A-4C07-99D0-9EB116AAC9A8}.Debug|Any CPU.Build.0 = Debug|Any CPU
		{D07C403C-A36A-4C07-99D0-9EB116AAC9A8}.Release|Any CPU.ActiveCfg = Release|Any CPU
		{D07C403C-A36A-4C07-99D0-9EB116AAC9A8}.Release|Any CPU.Build.0 = Release|Any CPU
		{D07C403C-A36A-4C07-99D0-9EB116AAC9A8}.Debug|iPhoneSimulator.ActiveCfg = Debug|Any CPU
		{D07C403C-A36A-4C07-99D0-9EB116AAC9A8}.Debug|iPhoneSimulator.Build.0 = Debug|Any CPU
		{D07C403C-A36A-4C07-99D0-9EB116AAC9A8}.Release|iPhoneSimulator.ActiveCfg = Release|Any CPU
		{D07C403C-A36A-4C07-99D0-9EB116AAC9A8}.Release|iPhoneSimulator.Build.0 = Release|Any CPU
		{D07C403C-A36A-4C07-99D0-9EB116AAC9A8}.Debug|iPhone.ActiveCfg = Debug|Any CPU
		{D07C403C-A36A-4C07-99D0-9EB116AAC9A8}.Debug|iPhone.Build.0 = Debug|Any CPU
		{D07C403C-A36A-4C07-99D0-9EB116AAC9A8}.Release|iPhone.ActiveCfg = Release|Any CPU
		{D07C403C-A36A-4C07-99D0-9EB116AAC9A8}.Release|iPhone.Build.0 = Release|Any CPU
		{D07C403C-A36A-4C07-99D0-9EB116AAC9A8}.Ad-Hoc|iPhone.ActiveCfg = Debug|Any CPU
		{D07C403C-A36A-4C07-99D0-9EB116AAC9A8}.Ad-Hoc|iPhone.Build.0 = Debug|Any CPU
		{D07C403C-A36A-4C07-99D0-9EB116AAC9A8}.AppStore|iPhone.ActiveCfg = Debug|Any CPU
		{D07C403C-A36A-4C07-99D0-9EB116AAC9A8}.AppStore|iPhone.Build.0 = Debug|Any CPU
	EndGlobalSection
EndGlobal
